
Microsoft Visual Studio Solution File, Format Version 12.00
# Visual Studio Version 17
VisualStudioVersion = 17.2.32526.322
MinimumVisualStudioVersion = 10.0.40219.1
Project("{2150E333-8FDC-42A3-9474-1A3956D46DE8}") = "Part1.LayeredArchitecture", "Part1.LayeredArchitecture", "{2384AA6D-2D01-4DD7-8F18-0F3AF6AA5D2D}"
EndProject
Project("{9A19103F-16F7-4668-BE54-9A1E7A4F7556}") = "ArchitecturePatterns.Part1.LayeredArchitecture", "Part1.LayeredArchitecture\ArchitecturePatterns.Part1.LayeredArchitecture\ArchitecturePatterns.Part1.LayeredArchitecture.csproj", "{7BBE90BA-7AE2-422A-9556-AFF9C76C0A03}"
EndProject
Project("{FAE04EC0-301F-11D3-BF4B-00C04F79EFBC}") = "ArchitecturePatterns.Part1.LayeredArchitecture.Tests", "Part1.LayeredArchitecture\ArchitecturePatterns.Part1.LayeredArchitecture.Tests\ArchitecturePatterns.Part1.LayeredArchitecture.Tests.csproj", "{7DC4B24A-A5AB-498D-AA04-B647042CF0FB}"
EndProject
Project("{2150E333-8FDC-42A3-9474-1A3956D46DE8}") = "Part2.ClientServer", "Part2.ClientServer", "{5C6134B5-41C8-4514-9DBA-5E19F08CEFFE}"
EndProject
Project("{FAE04EC0-301F-11D3-BF4B-00C04F79EFBC}") = "ArchitecturePatterns.Part2.ClientServer.Client", "Part2.ClientServer\ArchitecturePatterns.Part2.ClientServer.Client\ArchitecturePatterns.Part2.ClientServer.Client.csproj", "{45A13D0A-B3C5-488E-9ABE-BF17E122C5B4}"
EndProject
Project("{FAE04EC0-301F-11D3-BF4B-00C04F79EFBC}") = "ArchitecturePatterns.Part2.ClientServer.Server", "Part2.ClientServer\ArchitecturePatterns.Part2.ClientServer.Server\ArchitecturePatterns.Part2.ClientServer.Server.csproj", "{EA2F4AED-C924-4BAF-A2E9-42E67F5C7264}"
EndProject
Project("{FAE04EC0-301F-11D3-BF4B-00C04F79EFBC}") = "ArchitecturePatterns.Part2.ClientServer.Client.Tests", "Part2.ClientServer\ArchitecturePatterns.Part2.ClientServer.Client.Tests\ArchitecturePatterns.Part2.ClientServer.Client.Tests.csproj", "{273A2435-C61E-4232-9EF3-35D858957665}"
EndProject
Project("{FAE04EC0-301F-11D3-BF4B-00C04F79EFBC}") = "ArchitecturePatterns.Part2.ClientServer.Server.Tests", "Part2.ClientServer\ArchitecturePatterns.Part2.ClientServer.Server.Tests\ArchitecturePatterns.Part2.ClientServer.Server.Tests.csproj", "{7B40BEB8-38D5-47E7-8D2D-B15512D524CF}"
EndProject
Project("{2150E333-8FDC-42A3-9474-1A3956D46DE8}") = "Part3.MasterSlave", "Part3.MasterSlave", "{AE84B4A2-8D2C-49AA-9EDB-FB79A5C4D850}"
EndProject
Project("{FAE04EC0-301F-11D3-BF4B-00C04F79EFBC}") = "ArchitecturePatterns.Part3.MasterSlave", "Part3.MasterSlave\ArchitecturePatterns.Part3.MasterSlave\ArchitecturePatterns.Part3.MasterSlave.csproj", "{55D0D180-F919-40BC-8DB3-4D26873CDF7B}"
EndProject
Project("{FAE04EC0-301F-11D3-BF4B-00C04F79EFBC}") = "ArchitecturePatterns.Part3.MasterSlave.Tests", "Part3.MasterSlave\ArchitecturePatterns.Part3.MasterSlave.Tests\ArchitecturePatterns.Part3.MasterSlave.Tests.csproj", "{6569A907-2C5D-4E0F-9870-0984BCFF034D}"
EndProject
Project("{2150E333-8FDC-42A3-9474-1A3956D46DE8}") = "Part4.PipeFilter", "Part4.PipeFilter", "{DC9C1E61-4E5F-47CD-B0DE-88E95F8A05E1}"
EndProject
Project("{FAE04EC0-301F-11D3-BF4B-00C04F79EFBC}") = "ArchitecturePatterns.Part4.PipeFilter", "Part4.PipeFilter\ArchitecturePatterns.Part4.PipeFilter\ArchitecturePatterns.Part4.PipeFilter.csproj", "{06E21200-996C-4986-9FA3-E1BCC767A367}"
EndProject
Project("{FAE04EC0-301F-11D3-BF4B-00C04F79EFBC}") = "ArchitecturePatterns.Part4.PipeFilter.Tests", "ArchitecturePatterns.Part4.PipeFilter.Tests\ArchitecturePatterns.Part4.PipeFilter.Tests.csproj", "{BE2AF3F0-209A-47F8-B92D-F238DF963FAF}"
EndProject
Global
	GlobalSection(SolutionConfigurationPlatforms) = preSolution
		Debug|Any CPU = Debug|Any CPU
		Release|Any CPU = Release|Any CPU
	EndGlobalSection
	GlobalSection(ProjectConfigurationPlatforms) = postSolution
		{7BBE90BA-7AE2-422A-9556-AFF9C76C0A03}.Debug|Any CPU.ActiveCfg = Debug|Any CPU
		{7BBE90BA-7AE2-422A-9556-AFF9C76C0A03}.Debug|Any CPU.Build.0 = Debug|Any CPU
		{7BBE90BA-7AE2-422A-9556-AFF9C76C0A03}.Release|Any CPU.ActiveCfg = Release|Any CPU
		{7BBE90BA-7AE2-422A-9556-AFF9C76C0A03}.Release|Any CPU.Build.0 = Release|Any CPU
		{7DC4B24A-A5AB-498D-AA04-B647042CF0FB}.Debug|Any CPU.ActiveCfg = Debug|Any CPU
		{7DC4B24A-A5AB-498D-AA04-B647042CF0FB}.Debug|Any CPU.Build.0 = Debug|Any CPU
		{7DC4B24A-A5AB-498D-AA04-B647042CF0FB}.Release|Any CPU.ActiveCfg = Release|Any CPU
		{7DC4B24A-A5AB-498D-AA04-B647042CF0FB}.Release|Any CPU.Build.0 = Release|Any CPU
		{45A13D0A-B3C5-488E-9ABE-BF17E122C5B4}.Debug|Any CPU.ActiveCfg = Debug|Any CPU
		{45A13D0A-B3C5-488E-9ABE-BF17E122C5B4}.Debug|Any CPU.Build.0 = Debug|Any CPU
		{45A13D0A-B3C5-488E-9ABE-BF17E122C5B4}.Release|Any CPU.ActiveCfg = Release|Any CPU
		{45A13D0A-B3C5-488E-9ABE-BF17E122C5B4}.Release|Any CPU.Build.0 = Release|Any CPU
		{EA2F4AED-C924-4BAF-A2E9-42E67F5C7264}.Debug|Any CPU.ActiveCfg = Debug|Any CPU
		{EA2F4AED-C924-4BAF-A2E9-42E67F5C7264}.Debug|Any CPU.Build.0 = Debug|Any CPU
		{EA2F4AED-C924-4BAF-A2E9-42E67F5C7264}.Release|Any CPU.ActiveCfg = Release|Any CPU
		{EA2F4AED-C924-4BAF-A2E9-42E67F5C7264}.Release|Any CPU.Build.0 = Release|Any CPU
		{273A2435-C61E-4232-9EF3-35D858957665}.Debug|Any CPU.ActiveCfg = Debug|Any CPU
		{273A2435-C61E-4232-9EF3-35D858957665}.Debug|Any CPU.Build.0 = Debug|Any CPU
		{273A2435-C61E-4232-9EF3-35D858957665}.Release|Any CPU.ActiveCfg = Release|Any CPU
		{273A2435-C61E-4232-9EF3-35D858957665}.Release|Any CPU.Build.0 = Release|Any CPU
		{7B40BEB8-38D5-47E7-8D2D-B15512D524CF}.Debug|Any CPU.ActiveCfg = Debug|Any CPU
		{7B40BEB8-38D5-47E7-8D2D-B15512D524CF}.Debug|Any CPU.Build.0 = Debug|Any CPU
		{7B40BEB8-38D5-47E7-8D2D-B15512D524CF}.Release|Any CPU.ActiveCfg = Release|Any CPU
		{7B40BEB8-38D5-47E7-8D2D-B15512D524CF}.Release|Any CPU.Build.0 = Release|Any CPU
		{55D0D180-F919-40BC-8DB3-4D26873CDF7B}.Debug|Any CPU.ActiveCfg = Debug|Any CPU
		{55D0D180-F919-40BC-8DB3-4D26873CDF7B}.Debug|Any CPU.Build.0 = Debug|Any CPU
		{55D0D180-F919-40BC-8DB3-4D26873CDF7B}.Release|Any CPU.ActiveCfg = Release|Any CPU
		{55D0D180-F919-40BC-8DB3-4D26873CDF7B}.Release|Any CPU.Build.0 = Release|Any CPU
		{6569A907-2C5D-4E0F-9870-0984BCFF034D}.Debug|Any CPU.ActiveCfg = Debug|Any CPU
		{6569A907-2C5D-4E0F-9870-0984BCFF034D}.Debug|Any CPU.Build.0 = Debug|Any CPU
		{6569A907-2C5D-4E0F-9870-0984BCFF034D}.Release|Any CPU.ActiveCfg = Release|Any CPU
		{6569A907-2C5D-4E0F-9870-0984BCFF034D}.Release|Any CPU.Build.0 = Release|Any CPU
		{06E21200-996C-4986-9FA3-E1BCC767A367}.Debug|Any CPU.ActiveCfg = Debug|Any CPU
		{06E21200-996C-4986-9FA3-E1BCC767A367}.Debug|Any CPU.Build.0 = Debug|Any CPU
		{06E21200-996C-4986-9FA3-E1BCC767A367}.Release|Any CPU.ActiveCfg = Release|Any CPU
		{06E21200-996C-4986-9FA3-E1BCC767A367}.Release|Any CPU.Build.0 = Release|Any CPU
		{BE2AF3F0-209A-47F8-B92D-F238DF963FAF}.Debug|Any CPU.ActiveCfg = Debug|Any CPU
		{BE2AF3F0-209A-47F8-B92D-F238DF963FAF}.Debug|Any CPU.Build.0 = Debug|Any CPU
		{BE2AF3F0-209A-47F8-B92D-F238DF963FAF}.Release|Any CPU.ActiveCfg = Release|Any CPU
		{BE2AF3F0-209A-47F8-B92D-F238DF963FAF}.Release|Any CPU.Build.0 = Release|Any CPU
	EndGlobalSection
	GlobalSection(SolutionProperties) = preSolution
		HideSolutionNode = FALSE
	EndGlobalSection
	GlobalSection(NestedProjects) = preSolution
		{7BBE90BA-7AE2-422A-9556-AFF9C76C0A03} = {2384AA6D-2D01-4DD7-8F18-0F3AF6AA5D2D}
		{7DC4B24A-A5AB-498D-AA04-B647042CF0FB} = {2384AA6D-2D01-4DD7-8F18-0F3AF6AA5D2D}
		{45A13D0A-B3C5-488E-9ABE-BF17E122C5B4} = {5C6134B5-41C8-4514-9DBA-5E19F08CEFFE}
		{EA2F4AED-C924-4BAF-A2E9-42E67F5C7264} = {5C6134B5-41C8-4514-9DBA-5E19F08CEFFE}
		{273A2435-C61E-4232-9EF3-35D858957665} = {5C6134B5-41C8-4514-9DBA-5E19F08CEFFE}
		{7B40BEB8-38D5-47E7-8D2D-B15512D524CF} = {5C6134B5-41C8-4514-9DBA-5E19F08CEFFE}
		{55D0D180-F919-40BC-8DB3-4D26873CDF7B} = {AE84B4A2-8D2C-49AA-9EDB-FB79A5C4D850}
		{6569A907-2C5D-4E0F-9870-0984BCFF034D} = {AE84B4A2-8D2C-49AA-9EDB-FB79A5C4D850}
		{06E21200-996C-4986-9FA3-E1BCC767A367} = {DC9C1E61-4E5F-47CD-B0DE-88E95F8A05E1}
		{BE2AF3F0-209A-47F8-B92D-F238DF963FAF} = {DC9C1E61-4E5F-47CD-B0DE-88E95F8A05E1}
	EndGlobalSection
	GlobalSection(ExtensibilityGlobals) = postSolution
		SolutionGuid = {ACE0B588-AE2D-497B-9F91-A657022DD3C1}
	EndGlobalSection
EndGlobal
